// !$*UTF8*$!
{
	archiveVersion = 1;
	classes = {
	};
	objectVersion = 46;
	objects = {

/* Begin PBXBuildFile section */
		5F82D6071DF95DBB00A50FB1 /* main.m in Sources */ = {isa = PBXBuildFile; fileRef = 5F82D6061DF95DBB00A50FB1 /* main.m */; };
		5F82D60A1DF95DBB00A50FB1 /* AppDelegate.m in Sources */ = {isa = PBXBuildFile; fileRef = 5F82D6091DF95DBB00A50FB1 /* AppDelegate.m */; };
		5F82D60D1DF95DBB00A50FB1 /* ViewController.m in Sources */ = {isa = PBXBuildFile; fileRef = 5F82D60C1DF95DBB00A50FB1 /* ViewController.m */; };
		5F82D6101DF95DBB00A50FB1 /* Main.storyboard in Resources */ = {isa = PBXBuildFile; fileRef = 5F82D60E1DF95DBB00A50FB1 /* Main.storyboard */; };
		5F82D6121DF95DBB00A50FB1 /* Assets.xcassets in Resources */ = {isa = PBXBuildFile; fileRef = 5F82D6111DF95DBB00A50FB1 /* Assets.xcassets */; };
		5F82D6151DF95DBB00A50FB1 /* LaunchScreen.storyboard in Resources */ = {isa = PBXBuildFile; fileRef = 5F82D6131DF95DBB00A50FB1 /* LaunchScreen.storyboard */; };
		5F82D6201DF95DBB00A50FB1 /* idCardTestTests.m in Sources */ = {isa = PBXBuildFile; fileRef = 5F82D61F1DF95DBB00A50FB1 /* idCardTestTests.m */; };
		5F82D62B1DF95DBB00A50FB1 /* idCardTestUITests.m in Sources */ = {isa = PBXBuildFile; fileRef = 5F82D62A1DF95DBB00A50FB1 /* idCardTestUITests.m */; };
/* End PBXBuildFile section */

/* Begin PBXContainerItemProxy section */
		5F82D61C1DF95DBB00A50FB1 /* PBXContainerItemProxy */ = {
			isa = PBXContainerItemProxy;
			containerPortal = 5F82D5FA1DF95DBB00A50FB1 /* Project object */;
			proxyType = 1;
			remoteGlobalIDString = 5F82D6011DF95DBB00A50FB1;
			remoteInfo = idCardTest;
		};
		5F82D6271DF95DBB00A50FB1 /* PBXContainerItemProxy */ = {
			isa = PBXContainerItemProxy;
			containerPortal = 5F82D5FA1DF95DBB00A50FB1 /* Project object */;
			proxyType = 1;
			remoteGlobalIDString = 5F82D6011DF95DBB00A50FB1;
			remoteInfo = idCardTest;
		};
/* End PBXContainerItemProxy section */

/* Begin PBXFileReference section */
		5F82D6021DF95DBB00A50FB1 /* idCardTest.app */ = {isa = PBXFileReference; explicitFileType = wrapper.application; includeInIndex = 0; path = idCardTest.app; sourceTree = BUILT_PRODUCTS_DIR; };
		5F82D6061DF95DBB00A50FB1 /* main.m */ = {isa = PBXFileReference; lastKnownFileType = sourcecode.c.objc; path = main.m; sourceTree = "<group>"; };
		5F82D6081DF95DBB00A50FB1 /* AppDelegate.h */ = {isa = PBXFileReference; lastKnownFileType = sourcecode.c.h; path = AppDelegate.h; sourceTree = "<group>"; };
		5F82D6091DF95DBB00A50FB1 /* AppDelegate.m */ = {isa = PBXFileReference; lastKnownFileType = sourcecode.c.objc; path = AppDelegate.m; sourceTree = "<group>"; };
		5F82D60B1DF95DBB00A50FB1 /* ViewController.h */ = {isa = PBXFileReference; lastKnownFileType = sourcecode.c.h; path = ViewController.h; sourceTree = "<group>"; };
		5F82D60C1DF95DBB00A50FB1 /* ViewController.m */ = {isa = PBXFileReference; lastKnownFileType = sourcecode.c.objc; path = ViewController.m; sourceTree = "<group>"; };
		5F82D60F1DF95DBB00A50FB1 /* Base */ = {isa = PBXFileReference; lastKnownFileType = file.storyboard; name = Base; path = Base.lproj/Main.storyboard; sourceTree = "<group>"; };
		5F82D6111DF95DBB00A50FB1 /* Assets.xcassets */ = {isa = PBXFileReference; lastKnownFileType = folder.assetcatalog; path = Assets.xcassets; sourceTree = "<group>"; };
		5F82D6141DF95DBB00A50FB1 /* Base */ = {isa = PBXFileReference; lastKnownFileType = file.storyboard; name = Base; path = Base.lproj/LaunchScreen.storyboard; sourceTree = "<group>"; };
		5F82D6161DF95DBB00A50FB1 /* Info.plist */ = {isa = PBXFileReference; lastKnownFileType = text.plist.xml; path = Info.plist; sourceTree = "<group>"; };
		5F82D61B1DF95DBB00A50FB1 /* idCardTestTests.xctest */ = {isa = PBXFileReference; explicitFileType = wrapper.cfbundle; includeInIndex = 0; path = idCardTestTests.xctest; sourceTree = BUILT_PRODUCTS_DIR; };
		5F82D61F1DF95DBB00A50FB1 /* idCardTestTests.m */ = {isa = PBXFileReference; lastKnownFileType = sourcecode.c.objc; path = idCardTestTests.m; sourceTree = "<group>"; };
		5F82D6211DF95DBB00A50FB1 /* Info.plist */ = {isa = PBXFileReference; lastKnownFileType = text.plist.xml; path = Info.plist; sourceTree = "<group>"; };
		5F82D6261DF95DBB00A50FB1 /* idCardTestUITests.xctest */ = {isa = PBXFileReference; explicitFileType = wrapper.cfbundle; includeInIndex = 0; path = idCardTestUITests.xctest; sourceTree = BUILT_PRODUCTS_DIR; };
		5F82D62A1DF95DBB00A50FB1 /* idCardTestUITests.m */ = {isa = PBXFileReference; lastKnownFileType = sourcecode.c.objc; path = idCardTestUITests.m; sourceTree = "<group>"; };
		5F82D62C1DF95DBB00A50FB1 /* Info.plist */ = {isa = PBXFileReference; lastKnownFileType = text.plist.xml; path = Info.plist; sourceTree = "<group>"; };
/* End PBXFileReference section */

/* Begin PBXFrameworksBuildPhase section */
		5F82D5FF1DF95DBB00A50FB1 /* Frameworks */ = {
			isa = PBXFrameworksBuildPhase;
			buildActionMask = 2147483647;
			files = (
			);
			runOnlyForDeploymentPostprocessing = 0;
		};
		5F82D6181DF95DBB00A50FB1 /* Frameworks */ = {
			isa = PBXFrameworksBuildPhase;
			buildActionMask = 2147483647;
			files = (
			);
			runOnlyForDeploymentPostprocessing = 0;
		};
		5F82D6231DF95DBB00A50FB1 /* Frameworks */ = {
			isa = PBXFrameworksBuildPhase;
			buildActionMask = 2147483647;
			files = (
			);
			runOnlyForDeploymentPostprocessing = 0;
		};
/* End PBXFrameworksBuildPhase section */

/* Begin PBXGroup section */
		5F82D5F91DF95DBB00A50FB1 = {
			isa = PBXGroup;
			children = (
				5F82D6041DF95DBB00A50FB1 /* idCardTest */,
				5F82D61E1DF95DBB00A50FB1 /* idCardTestTests */,
				5F82D6291DF95DBB00A50FB1 /* idCardTestUITests */,
				5F82D6031DF95DBB00A50FB1 /* Products */,
			);
			sourceTree = "<group>";
		};
		5F82D6031DF95DBB00A50FB1 /* Products */ = {
			isa = PBXGroup;
			children = (
				5F82D6021DF95DBB00A50FB1 /* idCardTest.app */,
				5F82D61B1DF95DBB00A50FB1 /* idCardTestTests.xctest */,
				5F82D6261DF95DBB00A50FB1 /* idCardTestUITests.xctest */,
			);
			name = Products;
			sourceTree = "<group>";
		};
		5F82D6041DF95DBB00A50FB1 /* idCardTest */ = {
			isa = PBXGroup;
			children = (
				5F82D6081DF95DBB00A50FB1 /* AppDelegate.h */,
				5F82D6091DF95DBB00A50FB1 /* AppDelegate.m */,
				5F82D60B1DF95DBB00A50FB1 /* ViewController.h */,
				5F82D60C1DF95DBB00A50FB1 /* ViewController.m */,
				5F82D60E1DF95DBB00A50FB1 /* Main.storyboard */,
				5F82D6111DF95DBB00A50FB1 /* Assets.xcassets */,
				5F82D6131DF95DBB00A50FB1 /* LaunchScreen.storyboard */,
				5F82D6161DF95DBB00A50FB1 /* Info.plist */,
				5F82D6051DF95DBB00A50FB1 /* Supporting Files */,
			);
			path = idCardTest;
			sourceTree = "<group>";
		};
		5F82D6051DF95DBB00A50FB1 /* Supporting Files */ = {
			isa = PBXGroup;
			children = (
				5F82D6061DF95DBB00A50FB1 /* main.m */,
			);
			name = "Supporting Files";
			sourceTree = "<group>";
		};
		5F82D61E1DF95DBB00A50FB1 /* idCardTestTests */ = {
			isa = PBXGroup;
			children = (
				5F82D61F1DF95DBB00A50FB1 /* idCardTestTests.m */,
				5F82D6211DF95DBB00A50FB1 /* Info.plist */,
			);
			path = idCardTestTests;
			sourceTree = "<group>";
		};
		5F82D6291DF95DBB00A50FB1 /* idCardTestUITests */ = {
			isa = PBXGroup;
			children = (
				5F82D62A1DF95DBB00A50FB1 /* idCardTestUITests.m */,
				5F82D62C1DF95DBB00A50FB1 /* Info.plist */,
			);
			path = idCardTestUITests;
			sourceTree = "<group>";
		};
/* End PBXGroup section */

/* Begin PBXNativeTarget section */
		5F82D6011DF95DBB00A50FB1 /* idCardTest */ = {
			isa = PBXNativeTarget;
			buildConfigurationList = 5F82D62F1DF95DBB00A50FB1 /* Build configuration list for PBXNativeTarget "idCardTest" */;
			buildPhases = (
				5F82D5FE1DF95DBB00A50FB1 /* Sources */,
				5F82D5FF1DF95DBB00A50FB1 /* Frameworks */,
				5F82D6001DF95DBB00A50FB1 /* Resources */,
			);
			buildRules = (
			);
			dependencies = (
			);
			name = idCardTest;
			productName = idCardTest;
			productReference = 5F82D6021DF95DBB00A50FB1 /* idCardTest.app */;
			productType = "com.apple.product-type.application";
		};
		5F82D61A1DF95DBB00A50FB1 /* idCardTestTests */ = {
			isa = PBXNativeTarget;
			buildConfigurationList = 5F82D6321DF95DBB00A50FB1 /* Build configuration list for PBXNativeTarget "idCardTestTests" */;
			buildPhases = (
				5F82D6171DF95DBB00A50FB1 /* Sources */,
				5F82D6181DF95DBB00A50FB1 /* Frameworks */,
				5F82D6191DF95DBB00A50FB1 /* Resources */,
			);
			buildRules = (
			);
			dependencies = (
				5F82D61D1DF95DBB00A50FB1 /* PBXTargetDependency */,
			);
			name = idCardTestTests;
			productName = idCardTestTests;
			productReference = 5F82D61B1DF95DBB00A50FB1 /* idCardTestTests.xctest */;
			productType = "com.apple.product-type.bundle.unit-test";
		};
		5F82D6251DF95DBB00A50FB1 /* idCardTestUITests */ = {
			isa = PBXNativeTarget;
			buildConfigurationList = 5F82D6351DF95DBB00A50FB1 /* Build configuration list for PBXNativeTarget "idCardTestUITests" */;
			buildPhases = (
				5F82D6221DF95DBB00A50FB1 /* Sources */,
				5F82D6231DF95DBB00A50FB1 /* Frameworks */,
				5F82D6241DF95DBB00A50FB1 /* Resources */,
			);
			buildRules = (
			);
			dependencies = (
				5F82D6281DF95DBB00A50FB1 /* PBXTargetDependency */,
			);
			name = idCardTestUITests;
			productName = idCardTestUITests;
			productReference = 5F82D6261DF95DBB00A50FB1 /* idCardTestUITests.xctest */;
			productType = "com.apple.product-type.bundle.ui-testing";
		};
/* End PBXNativeTarget section */

/* Begin PBXProject section */
		5F82D5FA1DF95DBB00A50FB1 /* Project object */ = {
			isa = PBXProject;
			attributes = {
				LastUpgradeCheck = 0720;
				ORGANIZATIONNAME = "福利郑";
				TargetAttributes = {
					5F82D6011DF95DBB00A50FB1 = {
						CreatedOnToolsVersion = 7.2.1;
						DevelopmentTeam = V79H4H5857;
					};
					5F82D61A1DF95DBB00A50FB1 = {
						CreatedOnToolsVersion = 7.2.1;
						DevelopmentTeam = V79H4H5857;
						TestTargetID = 5F82D6011DF95DBB00A50FB1;
					};
					5F82D6251DF95DBB00A50FB1 = {
						CreatedOnToolsVersion = 7.2.1;
						DevelopmentTeam = V79H4H5857;
						TestTargetID = 5F82D6011DF95DBB00A50FB1;
					};
				};
			};
			buildConfigurationList = 5F82D5FD1DF95DBB00A50FB1 /* Build configuration list for PBXProject "idCardTest" */;
			compatibilityVersion = "Xcode 3.2";
			developmentRegion = English;
			hasScannedForEncodings = 0;
			knownRegions = (
				en,
				Base,
			);
			mainGroup = 5F82D5F91DF95DBB00A50FB1;
			productRefGroup = 5F82D6031DF95DBB00A50FB1 /* Products */;
			projectDirPath = "";
			projectRoot = "";
			targets = (
				5F82D6011DF95DBB00A50FB1 /* idCardTest */,
				5F82D61A1DF95DBB00A50FB1 /* idCardTestTests */,
				5F82D6251DF95DBB00A50FB1 /* idCardTestUITests */,
			);
		};
/* End PBXProject section */

/* Begin PBXResourcesBuildPhase section */
		5F82D6001DF95DBB00A50FB1 /* Resources */ = {
			isa = PBXResourcesBuildPhase;
			buildActionMask = 2147483647;
			files = (
				5F82D6151DF95DBB00A50FB1 /* LaunchScreen.storyboard in Resources */,
				5F82D6121DF95DBB00A50FB1 /* Assets.xcassets in Resources */,
				5F82D6101DF95DBB00A50FB1 /* Main.storyboard in Resources */,
			);
			runOnlyForDeploymentPostprocessing = 0;
		};
		5F82D6191DF95DBB00A50FB1 /* Resources */ = {
			isa = PBXResourcesBuildPhase;
			buildActionMask = 2147483647;
			files = (
			);
			runOnlyForDeploymentPostprocessing = 0;
		};
		5F82D6241DF95DBB00A50FB1 /* Resources */ = {
			isa = PBXResourcesBuildPhase;
			buildActionMask = 2147483647;
			files = (
			);
			runOnlyForDeploymentPostprocessing = 0;
		};
/* End PBXResourcesBuildPhase section */

/* Begin PBXSourcesBuildPhase section */
		5F82D5FE1DF95DBB00A50FB1 /* Sources */ = {
			isa = PBXSourcesBuildPhase;
			buildActionMask = 2147483647;
			files = (
				5F82D60D1DF95DBB00A50FB1 /* ViewController.m in Sources */,
				5F82D60A1DF95DBB00A50FB1 /* AppDelegate.m in Sources */,
				5F82D6071DF95DBB00A50FB1 /* main.m in Sources */,
			);
			runOnlyForDeploymentPostprocessing = 0;
		};
		5F82D6171DF95DBB00A50FB1 /* Sources */ = {
			isa = PBXSourcesBuildPhase;
			buildActionMask = 2147483647;
			files = (
				5F82D6201DF95DBB00A50FB1 /* idCardTestTests.m in Sources */,
			);
			runOnlyForDeploymentPostprocessing = 0;
		};
		5F82D6221DF95DBB00A50FB1 /* Sources */ = {
			isa = PBXSourcesBuildPhase;
			buildActionMask = 2147483647;
			files = (
				5F82D62B1DF95DBB00A50FB1 /* idCardTestUITests.m in Sources */,
			);
			runOnlyForDeploymentPostprocessing = 0;
		};
/* End PBXSourcesBuildPhase section */

/* Begin PBXTargetDependency section */
		5F82D61D1DF95DBB00A50FB1 /* PBXTargetDependency */ = {
			isa = PBXTargetDependency;
			target = 5F82D6011DF95DBB00A50FB1 /* idCardTest */;
			targetProxy = 5F82D61C1DF95DBB00A50FB1 /* PBXContainerItemProxy */;
		};
		5F82D6281DF95DBB00A50FB1 /* PBXTargetDependency */ = {
			isa = PBXTargetDependency;
			target = 5F82D6011DF95DBB00A50FB1 /* idCardTest */;
			targetProxy = 5F82D6271DF95DBB00A50FB1 /* PBXContainerItemProxy */;
		};
/* End PBXTargetDependency section */

/* Begin PBXVariantGroup section */
		5F82D60E1DF95DBB00A50FB1 /* Main.storyboard */ = {
			isa = PBXVariantGroup;
			children = (
				5F82D60F1DF95DBB00A50FB1 /* Base */,
			);
			name = Main.storyboard;
			sourceTree = "<group>";
		};
		5F82D6131DF95DBB00A50FB1 /* LaunchScreen.storyboard */ = {
			isa = PBXVariantGroup;
			children = (
				5F82D6141DF95DBB00A50FB1 /* Base */,
			);
			name = LaunchScreen.storyboard;
			sourceTree = "<group>";
		};
/* End PBXVariantGroup section */

/* Begin XCBuildConfiguration section */
		5F82D62D1DF95DBB00A50FB1 /* Debug */ = {
			isa = XCBuildConfiguration;
			buildSettings = {
				ALWAYS_SEARCH_USER_PATHS = NO;
				CLANG_CXX_LANGUAGE_STANDARD = "gnu++0x";
				CLANG_CXX_LIBRARY = "libc++";
				CLANG_ENABLE_MODULES = YES;
				CLANG_ENABLE_OBJC_ARC = YES;
				CLANG_WARN_BOOL_CONVERSION = YES;
				CLANG_WARN_CONSTANT_CONVERSION = YES;
				CLANG_WARN_DIRECT_OBJC_ISA_USAGE = YES_ERROR;
				CLANG_WARN_EMPTY_BODY = YES;
				CLANG_WARN_ENUM_CONVERSION = YES;
				CLANG_WARN_INT_CONVERSION = YES;
				CLANG_WARN_OBJC_ROOT_CLASS = YES_ERROR;
				CLANG_WARN_UNREACHABLE_CODE = YES;
				CLANG_WARN__DUPLICATE_METHOD_MATCH = YES;
				"CODE_SIGN_IDENTITY[sdk=iphoneos*]" = "iPhone Developer";
				COPY_PHASE_STRIP = NO;
				DEBUG_INFORMATION_FORMAT = dwarf;
				ENABLE_STRICT_OBJC_MSGSEND = YES;
				ENABLE_TESTABILITY = YES;
				GCC_C_LANGUAGE_STANDARD = gnu99;
				GCC_DYNAMIC_NO_PIC = NO;
				GCC_NO_COMMON_BLOCKS = YES;
				GCC_OPTIMIZATION_LEVEL = 0;
				GCC_PREPROCESSOR_DEFINITIONS = (
					"DEBUG=1",
					"$(inherited)",
				);
				GCC_WARN_64_TO_32_BIT_CONVERSION = YES;
				GCC_WARN_ABOUT_RETURN_TYPE = YES_ERROR;
				GCC_WARN_UNDECLARED_SELECTOR = YES;
				GCC_WARN_UNINITIALIZED_AUTOS = YES_AGGRESSIVE;
				GCC_WARN_UNUSED_FUNCTION = YES;
				GCC_WARN_UNUSED_VARIABLE = YES;
				IPHONEOS_DEPLOYMENT_TARGET = 9.2;
				MTL_ENABLE_DEBUG_INFO = YES;
				ONLY_ACTIVE_ARCH = YES;
				SDKROOT = iphoneos;
			};
			name = Debug;
		};
		5F82D62E1DF95DBB00A50FB1 /* Release */ = {
			isa = XCBuildConfiguration;
			buildSettings = {
				ALWAYS_SEARCH_USER_PATHS = NO;
				CLANG_CXX_LANGUAGE_STANDARD = "gnu++0x";
				CLANG_CXX_LIBRARY = "libc++";
				CLANG_ENABLE_MODULES = YES;
				CLANG_ENABLE_OBJC_ARC = YES;
				CLANG_WARN_BOOL_CONVERSION = YES;
				CLANG_WARN_CONSTANT_CONVERSION = YES;
				CLANG_WARN_DIRECT_OBJC_ISA_USAGE = YES_ERROR;
				CLANG_WARN_EMPTY_BODY = YES;
				CLANG_WARN_ENUM_CONVERSION = YES;
				CLANG_WARN_INT_CONVERSION = YES;
				CLANG_WARN_OBJC_ROOT_CLASS = YES_ERROR;
				CLANG_WARN_UNREACHABLE_CODE = YES;
				CLANG_WARN__DUPLICATE_METHOD_MATCH = YES;
				"CODE_SIGN_IDENTITY[sdk=iphoneos*]" = "iPhone Developer";
				COPY_PHASE_STRIP = NO;
				DEBUG_INFORMATION_FORMAT = "dwarf-with-dsym";
				ENABLE_NS_ASSERTIONS = NO;
				ENABLE_STRICT_OBJC_MSGSEND = YES;
				GCC_C_LANGUAGE_STANDARD = gnu99;
				GCC_NO_COMMON_BLOCKS = YES;
				GCC_WARN_64_TO_32_BIT_CONVERSION = YES;
				GCC_WARN_ABOUT_RETURN_TYPE = YES_ERROR;
				GCC_WARN_UNDECLARED_SELECTOR = YES;
				GCC_WARN_UNINITIALIZED_AUTOS = YES_AGGRESSIVE;
				GCC_WARN_UNUSED_FUNCTION = YES;
				GCC_WARN_UNUSED_VARIABLE = YES;
				IPHONEOS_DEPLOYMENT_TARGET = 9.2;
				MTL_ENABLE_DEBUG_INFO = NO;
				SDKROOT = iphoneos;
				VALIDATE_PRODUCT = YES;
			};
			name = Release;
		};
		5F82D6301DF95DBB00A50FB1 /* Debug */ = {
			isa = XCBuildConfiguration;
			buildSettings = {
				ASSETCATALOG_COMPILER_APPICON_NAME = AppIcon;
				INFOPLIST_FILE = idCardTest/Info.plist;
				LD_RUNPATH_SEARCH_PATHS = "$(inherited) @executable_path/Frameworks";
				PRODUCT_BUNDLE_IDENTIFIER = lyy.idCardTest;
				PRODUCT_NAME = "$(TARGET_NAME)";
			};
			name = Debug;
		};
		5F82D6311DF95DBB00A50FB1 /* Release */ = {
			isa = XCBuildConfiguration;
			buildSettings = {
				ASSETCATALOG_COMPILER_APPICON_NAME = AppIcon;
				INFOPLIST_FILE = idCardTest/Info.plist;
				LD_RUNPATH_SEARCH_PATHS = "$(inherited) @executable_path/Frameworks";
				PRODUCT_BUNDLE_IDENTIFIER = lyy.idCardTest;
				PRODUCT_NAME = "$(TARGET_NAME)";
			};
			name = Release;
		};
		5F82D6331DF95DBB00A50FB1 /* Debug */ = {
			isa = XCBuildConfiguration;
			buildSettings = {
				BUNDLE_LOADER = "$(TEST_HOST)";
				INFOPLIST_FILE = idCardTestTests/Info.plist;
				LD_RUNPATH_SEARCH_PATHS = "$(inherited) @executable_path/Frameworks @loader_path/Frameworks";
				PRODUCT_BUNDLE_IDENTIFIER = lyy.idCardTestTests;
				PRODUCT_NAME = "$(TARGET_NAME)";
				TEST_HOST = "$(BUILT_PRODUCTS_DIR)/idCardTest.app/idCardTest";
			};
			name = Debug;
		};
		5F82D6341DF95DBB00A50FB1 /* Release */ = {
			isa = XCBuildConfiguration;
			buildSettings = {
				BUNDLE_LOADER = "$(TEST_HOST)";
				INFOPLIST_FILE = idCardTestTests/Info.plist;
				LD_RUNPATH_SEARCH_PATHS = "$(inherited) @executable_path/Frameworks @loader_path/Frameworks";
				PRODUCT_BUNDLE_IDENTIFIER = lyy.idCardTestTests;
				PRODUCT_NAME = "$(TARGET_NAME)";
				TEST_HOST = "$(BUILT_PRODUCTS_DIR)/idCardTest.app/idCardTest";
			};
			name = Release;
		};
		5F82D6361DF95DBB00A50FB1 /* Debug */ = {
			isa = XCBuildConfiguration;
			buildSettings = {
				INFOPLIST_FILE = idCardTestUITests/Info.plist;
				LD_RUNPATH_SEARCH_PATHS = "$(inherited) @executable_path/Frameworks @loader_path/Frameworks";
				PRODUCT_BUNDLE_IDENTIFIER = lyy.idCardTestUITests;
				PRODUCT_NAME = "$(TARGET_NAME)";
				TEST_TARGET_NAME = idCardTest;
				USES_XCTRUNNER = YES;
			};
			name = Debug;
		};
		5F82D6371DF95DBB00A50FB1 /* Release */ = {
			isa = XCBuildConfiguration;
			buildSettings = {
				INFOPLIST_FILE = idCardTestUITests/Info.plist;
				LD_RUNPATH_SEARCH_PATHS = "$(inherited) @executable_path/Frameworks @loader_path/Frameworks";
				PRODUCT_BUNDLE_IDENTIFIER = lyy.idCardTestUITests;
				PRODUCT_NAME = "$(TARGET_NAME)";
				TEST_TARGET_NAME = idCardTest;
				USES_XCTRUNNER = YES;
			};
			name = Release;
		};
/* End XCBuildConfiguration section */

/* Begin XCConfigurationList section */
		5F82D5FD1DF95DBB00A50FB1 /* Build configuration list for PBXProject "idCardTest" */ = {
			isa = XCConfigurationList;
			buildConfigurations = (
				5F82D62D1DF95DBB00A50FB1 /* Debug */,
				5F82D62E1DF95DBB00A50FB1 /* Release */,
			);
			defaultConfigurationIsVisible = 0;
			defaultConfigurationName = Release;
		};
		5F82D62F1DF95DBB00A50FB1 /* Build configuration list for PBXNativeTarget "idCardTest" */ = {
			isa = XCConfigurationList;
			buildConfigurations = (
				5F82D6301DF95DBB00A50FB1 /* Debug */,
				5F82D6311DF95DBB00A50FB1 /* Release */,
			);
			defaultConfigurationIsVisible = 0;
		};
		5F82D6321DF95DBB00A50FB1 /* Build configuration list for PBXNativeTarget "idCardTestTests" */ = {
			isa = XCConfigurationList;
			buildConfigurations = (
				5F82D6331DF95DBB00A50FB1 /* Debug */,
				5F82D6341DF95DBB00A50FB1 /* Release */,
			);
			defaultConfigurationIsVisible = 0;
		};
		5F82D6351DF95DBB00A50FB1 /* Build configuration list for PBXNativeTarget "idCardTestUITests" */ = {
			isa = XCConfigurationList;
			buildConfigurations = (
				5F82D6361DF95DBB00A50FB1 /* Debug */,
				5F82D6371DF95DBB00A50FB1 /* Release */,
			);
			defaultConfigurationIsVisible = 0;
		};
/* End XCConfigurationList section */
	};
	rootObject = 5F82D5FA1DF95DBB00A50FB1 /* Project object */;
}
