// !$*UTF8*$!
{
	archiveVersion = 1;
	classes = {
	};
	objectVersion = 46;
	objects = {

/* Begin PBXBuildFile section */
		5F07BF6E1E0391A000FBD186 /* demo.m in Sources */ = {isa = PBXBuildFile; fileRef = 5F07BF6D1E0391A000FBD186 /* demo.m */; };
		5F76214F1DFBCEEA00C7E925 /* ImproveVehicleInfoVC.m in Sources */ = {isa = PBXBuildFile; fileRef = 5F76214E1DFBCEEA00C7E925 /* ImproveVehicleInfoVC.m */; };
		5F7621541DFBDA9600C7E925 /* 6.jpg in Resources */ = {isa = PBXBuildFile; fileRef = 5F7621531DFBDA9600C7E925 /* 6.jpg */; };
		5F7621561DFBDAA000C7E925 /* 7.jpg in Resources */ = {isa = PBXBuildFile; fileRef = 5F7621551DFBDAA000C7E925 /* 7.jpg */; };
		5F7621581DFBDAA400C7E925 /* 8.jpg in Resources */ = {isa = PBXBuildFile; fileRef = 5F7621571DFBDAA400C7E925 /* 8.jpg */; };
		5F76215A1DFBDB4300C7E925 /* 9.jpg in Resources */ = {isa = PBXBuildFile; fileRef = 5F7621591DFBDB4300C7E925 /* 9.jpg */; };
		5F76215C1DFBDC3500C7E925 /* 10.jpg in Resources */ = {isa = PBXBuildFile; fileRef = 5F76215B1DFBDC3500C7E925 /* 10.jpg */; };
		5F76215E1DFBE01700C7E925 /* 11.jpg in Resources */ = {isa = PBXBuildFile; fileRef = 5F76215D1DFBE01700C7E925 /* 11.jpg */; };
		5F7621601DFBE46700C7E925 /* 12.jpg in Resources */ = {isa = PBXBuildFile; fileRef = 5F76215F1DFBE46700C7E925 /* 12.jpg */; };
		5F82D6071DF95DBB00A50FB1 /* main.m in Sources */ = {isa = PBXBuildFile; fileRef = 5F82D6061DF95DBB00A50FB1 /* main.m */; };
		5F82D60A1DF95DBB00A50FB1 /* AppDelegate.m in Sources */ = {isa = PBXBuildFile; fileRef = 5F82D6091DF95DBB00A50FB1 /* AppDelegate.m */; };
		5F82D60D1DF95DBB00A50FB1 /* ViewController.m in Sources */ = {isa = PBXBuildFile; fileRef = 5F82D60C1DF95DBB00A50FB1 /* ViewController.m */; };
		5F82D6101DF95DBB00A50FB1 /* Main.storyboard in Resources */ = {isa = PBXBuildFile; fileRef = 5F82D60E1DF95DBB00A50FB1 /* Main.storyboard */; };
		5F82D6121DF95DBB00A50FB1 /* Assets.xcassets in Resources */ = {isa = PBXBuildFile; fileRef = 5F82D6111DF95DBB00A50FB1 /* Assets.xcassets */; };
		5F82D6151DF95DBB00A50FB1 /* LaunchScreen.storyboard in Resources */ = {isa = PBXBuildFile; fileRef = 5F82D6131DF95DBB00A50FB1 /* LaunchScreen.storyboard */; };
		5F82D6201DF95DBB00A50FB1 /* idCardTestTests.m in Sources */ = {isa = PBXBuildFile; fileRef = 5F82D61F1DF95DBB00A50FB1 /* idCardTestTests.m */; };
		5F82D62B1DF95DBB00A50FB1 /* idCardTestUITests.m in Sources */ = {isa = PBXBuildFile; fileRef = 5F82D62A1DF95DBB00A50FB1 /* idCardTestUITests.m */; };
		5F82D63A1DF9615100A50FB1 /* 1.jpg in Resources */ = {isa = PBXBuildFile; fileRef = 5F82D6391DF9615100A50FB1 /* 1.jpg */; };
		5F82D63C1DF9615B00A50FB1 /* 2.jpg in Resources */ = {isa = PBXBuildFile; fileRef = 5F82D63B1DF9615B00A50FB1 /* 2.jpg */; };
		5F82D63E1DF9616100A50FB1 /* 3.jpg in Resources */ = {isa = PBXBuildFile; fileRef = 5F82D63D1DF9616100A50FB1 /* 3.jpg */; };
		5F82D6401DF9645600A50FB1 /* 4.jpg in Resources */ = {isa = PBXBuildFile; fileRef = 5F82D63F1DF9645600A50FB1 /* 4.jpg */; };
		5F82D6421DF9709700A50FB1 /* 5.jpg in Resources */ = {isa = PBXBuildFile; fileRef = 5F82D6411DF9709700A50FB1 /* 5.jpg */; };
		6A8B181BB180D5001C3811ED /* libPods-idCardTest.a in Frameworks */ = {isa = PBXBuildFile; fileRef = 8BC9536B2AC2B75BB53DD2D3 /* libPods-idCardTest.a */; };
/* End PBXBuildFile section */

/* Begin PBXContainerItemProxy section */
		5F82D61C1DF95DBB00A50FB1 /* PBXContainerItemProxy */ = {
			isa = PBXContainerItemProxy;
			containerPortal = 5F82D5FA1DF95DBB00A50FB1 /* Project object */;
			proxyType = 1;
			remoteGlobalIDString = 5F82D6011DF95DBB00A50FB1;
			remoteInfo = idCardTest;
		};
		5F82D6271DF95DBB00A50FB1 /* PBXContainerItemProxy */ = {
			isa = PBXContainerItemProxy;
			containerPortal = 5F82D5FA1DF95DBB00A50FB1 /* Project object */;
			proxyType = 1;
			remoteGlobalIDString = 5F82D6011DF95DBB00A50FB1;
			remoteInfo = idCardTest;
		};
/* End PBXContainerItemProxy section */

/* Begin PBXFileReference section */
		5F07BF6C1E0391A000FBD186 /* demo.h */ = {isa = PBXFileReference; fileEncoding = 4; lastKnownFileType = sourcecode.c.h; path = demo.h; sourceTree = "<group>"; };
		5F07BF6D1E0391A000FBD186 /* demo.m */ = {isa = PBXFileReference; fileEncoding = 4; lastKnownFileType = sourcecode.c.objc; path = demo.m; sourceTree = "<group>"; };
		5F76214D1DFBCEEA00C7E925 /* ImproveVehicleInfoVC.h */ = {isa = PBXFileReference; fileEncoding = 4; lastKnownFileType = sourcecode.c.h; path = ImproveVehicleInfoVC.h; sourceTree = "<group>"; };
		5F76214E1DFBCEEA00C7E925 /* ImproveVehicleInfoVC.m */ = {isa = PBXFileReference; fileEncoding = 4; lastKnownFileType = sourcecode.c.objc; path = ImproveVehicleInfoVC.m; sourceTree = "<group>"; };
		5F7621531DFBDA9600C7E925 /* 6.jpg */ = {isa = PBXFileReference; lastKnownFileType = image.jpeg; path = 6.jpg; sourceTree = "<group>"; };
		5F7621551DFBDAA000C7E925 /* 7.jpg */ = {isa = PBXFileReference; lastKnownFileType = image.jpeg; path = 7.jpg; sourceTree = "<group>"; };
		5F7621571DFBDAA400C7E925 /* 8.jpg */ = {isa = PBXFileReference; lastKnownFileType = image.jpeg; path = 8.jpg; sourceTree = "<group>"; };
		5F7621591DFBDB4300C7E925 /* 9.jpg */ = {isa = PBXFileReference; lastKnownFileType = image.jpeg; path = 9.jpg; sourceTree = "<group>"; };
		5F76215B1DFBDC3500C7E925 /* 10.jpg */ = {isa = PBXFileReference; lastKnownFileType = image.jpeg; path = 10.jpg; sourceTree = "<group>"; };
		5F76215D1DFBE01700C7E925 /* 11.jpg */ = {isa = PBXFileReference; lastKnownFileType = image.jpeg; path = 11.jpg; sourceTree = "<group>"; };
		5F76215F1DFBE46700C7E925 /* 12.jpg */ = {isa = PBXFileReference; lastKnownFileType = image.jpeg; path = 12.jpg; sourceTree = "<group>"; };
		5F82D6021DF95DBB00A50FB1 /* idCardTest.app */ = {isa = PBXFileReference; explicitFileType = wrapper.application; includeInIndex = 0; path = idCardTest.app; sourceTree = BUILT_PRODUCTS_DIR; };
		5F82D6061DF95DBB00A50FB1 /* main.m */ = {isa = PBXFileReference; lastKnownFileType = sourcecode.c.objc; path = main.m; sourceTree = "<group>"; };
		5F82D6081DF95DBB00A50FB1 /* AppDelegate.h */ = {isa = PBXFileReference; lastKnownFileType = sourcecode.c.h; path = AppDelegate.h; sourceTree = "<group>"; };
		5F82D6091DF95DBB00A50FB1 /* AppDelegate.m */ = {isa = PBXFileReference; lastKnownFileType = sourcecode.c.objc; path = AppDelegate.m; sourceTree = "<group>"; };
		5F82D60B1DF95DBB00A50FB1 /* ViewController.h */ = {isa = PBXFileReference; lastKnownFileType = sourcecode.c.h; path = ViewController.h; sourceTree = "<group>"; };
		5F82D60C1DF95DBB00A50FB1 /* ViewController.m */ = {isa = PBXFileReference; lastKnownFileType = sourcecode.c.objc; path = ViewController.m; sourceTree = "<group>"; };
		5F82D60F1DF95DBB00A50FB1 /* Base */ = {isa = PBXFileReference; lastKnownFileType = file.storyboard; name = Base; path = Base.lproj/Main.storyboard; sourceTree = "<group>"; };
		5F82D6111DF95DBB00A50FB1 /* Assets.xcassets */ = {isa = PBXFileReference; lastKnownFileType = folder.assetcatalog; path = Assets.xcassets; sourceTree = "<group>"; };
		5F82D6141DF95DBB00A50FB1 /* Base */ = {isa = PBXFileReference; lastKnownFileType = file.storyboard; name = Base; path = Base.lproj/LaunchScreen.storyboard; sourceTree = "<group>"; };
		5F82D6161DF95DBB00A50FB1 /* Info.plist */ = {isa = PBXFileReference; lastKnownFileType = text.plist.xml; path = Info.plist; sourceTree = "<group>"; };
		5F82D61B1DF95DBB00A50FB1 /* idCardTestTests.xctest */ = {isa = PBXFileReference; explicitFileType = wrapper.cfbundle; includeInIndex = 0; path = idCardTestTests.xctest; sourceTree = BUILT_PRODUCTS_DIR; };
		5F82D61F1DF95DBB00A50FB1 /* idCardTestTests.m */ = {isa = PBXFileReference; lastKnownFileType = sourcecode.c.objc; path = idCardTestTests.m; sourceTree = "<group>"; };
		5F82D6211DF95DBB00A50FB1 /* Info.plist */ = {isa = PBXFileReference; lastKnownFileType = text.plist.xml; path = Info.plist; sourceTree = "<group>"; };
		5F82D6261DF95DBB00A50FB1 /* idCardTestUITests.xctest */ = {isa = PBXFileReference; explicitFileType = wrapper.cfbundle; includeInIndex = 0; path = idCardTestUITests.xctest; sourceTree = BUILT_PRODUCTS_DIR; };
		5F82D62A1DF95DBB00A50FB1 /* idCardTestUITests.m */ = {isa = PBXFileReference; lastKnownFileType = sourcecode.c.objc; path = idCardTestUITests.m; sourceTree = "<group>"; };
		5F82D62C1DF95DBB00A50FB1 /* Info.plist */ = {isa = PBXFileReference; lastKnownFileType = text.plist.xml; path = Info.plist; sourceTree = "<group>"; };
		5F82D6391DF9615100A50FB1 /* 1.jpg */ = {isa = PBXFileReference; lastKnownFileType = image.jpeg; path = 1.jpg; sourceTree = "<group>"; };
		5F82D63B1DF9615B00A50FB1 /* 2.jpg */ = {isa = PBXFileReference; lastKnownFileType = image.jpeg; path = 2.jpg; sourceTree = "<group>"; };
		5F82D63D1DF9616100A50FB1 /* 3.jpg */ = {isa = PBXFileReference; lastKnownFileType = image.jpeg; path = 3.jpg; sourceTree = "<group>"; };
		5F82D63F1DF9645600A50FB1 /* 4.jpg */ = {isa = PBXFileReference; lastKnownFileType = image.jpeg; path = 4.jpg; sourceTree = "<group>"; };
		5F82D6411DF9709700A50FB1 /* 5.jpg */ = {isa = PBXFileReference; lastKnownFileType = image.jpeg; path = 5.jpg; sourceTree = "<group>"; };
		8BC9536B2AC2B75BB53DD2D3 /* libPods-idCardTest.a */ = {isa = PBXFileReference; explicitFileType = archive.ar; includeInIndex = 0; path = "libPods-idCardTest.a"; sourceTree = BUILT_PRODUCTS_DIR; };
		C00355B801DFFED5E958E0F3 /* Pods-idCardTest.debug.xcconfig */ = {isa = PBXFileReference; includeInIndex = 1; lastKnownFileType = text.xcconfig; name = "Pods-idCardTest.debug.xcconfig"; path = "Pods/Target Support Files/Pods-idCardTest/Pods-idCardTest.debug.xcconfig"; sourceTree = "<group>"; };
		CA26B7CD641844F306537516 /* Pods-idCardTest.release.xcconfig */ = {isa = PBXFileReference; includeInIndex = 1; lastKnownFileType = text.xcconfig; name = "Pods-idCardTest.release.xcconfig"; path = "Pods/Target Support Files/Pods-idCardTest/Pods-idCardTest.release.xcconfig"; sourceTree = "<group>"; };
/* End PBXFileReference section */

/* Begin PBXFrameworksBuildPhase section */
		5F82D5FF1DF95DBB00A50FB1 /* Frameworks */ = {
			isa = PBXFrameworksBuildPhase;
			buildActionMask = 2147483647;
			files = (
				6A8B181BB180D5001C3811ED /* libPods-idCardTest.a in Frameworks */,
			);
			runOnlyForDeploymentPostprocessing = 0;
		};
		5F82D6181DF95DBB00A50FB1 /* Frameworks */ = {
			isa = PBXFrameworksBuildPhase;
			buildActionMask = 2147483647;
			files = (
			);
			runOnlyForDeploymentPostprocessing = 0;
		};
		5F82D6231DF95DBB00A50FB1 /* Frameworks */ = {
			isa = PBXFrameworksBuildPhase;
			buildActionMask = 2147483647;
			files = (
			);
			runOnlyForDeploymentPostprocessing = 0;
		};
/* End PBXFrameworksBuildPhase section */

/* Begin PBXGroup section */
		1045C4E29E2631F4B13F925B /* Pods */ = {
			isa = PBXGroup;
			children = (
				C00355B801DFFED5E958E0F3 /* Pods-idCardTest.debug.xcconfig */,
				CA26B7CD641844F306537516 /* Pods-idCardTest.release.xcconfig */,
			);
			name = Pods;
			sourceTree = "<group>";
		};
		1AEE758870C091799E70DAB4 /* Frameworks */ = {
			isa = PBXGroup;
			children = (
				8BC9536B2AC2B75BB53DD2D3 /* libPods-idCardTest.a */,
			);
			name = Frameworks;
			sourceTree = "<group>";
		};
		5F82D5F91DF95DBB00A50FB1 = {
			isa = PBXGroup;
			children = (
				5F82D6041DF95DBB00A50FB1 /* idCardTest */,
				5F82D61E1DF95DBB00A50FB1 /* idCardTestTests */,
				5F82D6291DF95DBB00A50FB1 /* idCardTestUITests */,
				5F82D6031DF95DBB00A50FB1 /* Products */,
				1045C4E29E2631F4B13F925B /* Pods */,
				1AEE758870C091799E70DAB4 /* Frameworks */,
			);
			sourceTree = "<group>";
		};
		5F82D6031DF95DBB00A50FB1 /* Products */ = {
			isa = PBXGroup;
			children = (
				5F82D6021DF95DBB00A50FB1 /* idCardTest.app */,
				5F82D61B1DF95DBB00A50FB1 /* idCardTestTests.xctest */,
				5F82D6261DF95DBB00A50FB1 /* idCardTestUITests.xctest */,
			);
			name = Products;
			sourceTree = "<group>";
		};
		5F82D6041DF95DBB00A50FB1 /* idCardTest */ = {
			isa = PBXGroup;
			children = (
				5F82D6081DF95DBB00A50FB1 /* AppDelegate.h */,
				5F82D6091DF95DBB00A50FB1 /* AppDelegate.m */,
				5F82D60B1DF95DBB00A50FB1 /* ViewController.h */,
				5F07BF6C1E0391A000FBD186 /* demo.h */,
				5F07BF6D1E0391A000FBD186 /* demo.m */,
				5F82D60C1DF95DBB00A50FB1 /* ViewController.m */,
				5F76214D1DFBCEEA00C7E925 /* ImproveVehicleInfoVC.h */,
				5F76214E1DFBCEEA00C7E925 /* ImproveVehicleInfoVC.m */,
				5F82D60E1DF95DBB00A50FB1 /* Main.storyboard */,
				5F82D6111DF95DBB00A50FB1 /* Assets.xcassets */,
				5F82D6131DF95DBB00A50FB1 /* LaunchScreen.storyboard */,
				5F82D6161DF95DBB00A50FB1 /* Info.plist */,
				5F82D6051DF95DBB00A50FB1 /* Supporting Files */,
			);
			path = idCardTest;
			sourceTree = "<group>";
		};
		5F82D6051DF95DBB00A50FB1 /* Supporting Files */ = {
			isa = PBXGroup;
			children = (
				5F82D6381DF9611A00A50FB1 /* Imgs */,
				5F82D6061DF95DBB00A50FB1 /* main.m */,
			);
			name = "Supporting Files";
			sourceTree = "<group>";
		};
		5F82D61E1DF95DBB00A50FB1 /* idCardTestTests */ = {
			isa = PBXGroup;
			children = (
				5F82D61F1DF95DBB00A50FB1 /* idCardTestTests.m */,
				5F82D6211DF95DBB00A50FB1 /* Info.plist */,
			);
			path = idCardTestTests;
			sourceTree = "<group>";
		};
		5F82D6291DF95DBB00A50FB1 /* idCardTestUITests */ = {
			isa = PBXGroup;
			children = (
				5F82D62A1DF95DBB00A50FB1 /* idCardTestUITests.m */,
				5F82D62C1DF95DBB00A50FB1 /* Info.plist */,
			);
			path = idCardTestUITests;
			sourceTree = "<group>";
		};
		5F82D6381DF9611A00A50FB1 /* Imgs */ = {
			isa = PBXGroup;
			children = (
				5F76215F1DFBE46700C7E925 /* 12.jpg */,
				5F76215D1DFBE01700C7E925 /* 11.jpg */,
				5F76215B1DFBDC3500C7E925 /* 10.jpg */,
				5F7621591DFBDB4300C7E925 /* 9.jpg */,
				5F7621571DFBDAA400C7E925 /* 8.jpg */,
				5F7621551DFBDAA000C7E925 /* 7.jpg */,
				5F7621531DFBDA9600C7E925 /* 6.jpg */,
				5F82D6411DF9709700A50FB1 /* 5.jpg */,
				5F82D63F1DF9645600A50FB1 /* 4.jpg */,
				5F82D63D1DF9616100A50FB1 /* 3.jpg */,
				5F82D63B1DF9615B00A50FB1 /* 2.jpg */,
				5F82D6391DF9615100A50FB1 /* 1.jpg */,
			);
			name = Imgs;
			sourceTree = "<group>";
		};
/* End PBXGroup section */

/* Begin PBXNativeTarget section */
		5F82D6011DF95DBB00A50FB1 /* idCardTest */ = {
			isa = PBXNativeTarget;
			buildConfigurationList = 5F82D62F1DF95DBB00A50FB1 /* Build configuration list for PBXNativeTarget "idCardTest" */;
			buildPhases = (
				AA2115424973B146C374BB71 /* [CP] Check Pods Manifest.lock */,
				5F82D5FE1DF95DBB00A50FB1 /* Sources */,
				5F82D5FF1DF95DBB00A50FB1 /* Frameworks */,
				5F82D6001DF95DBB00A50FB1 /* Resources */,
				5875E298DE4FDEDCF2A11CB3 /* [CP] Embed Pods Frameworks */,
				FC3375CC6675877D57671F0B /* [CP] Copy Pods Resources */,
			);
			buildRules = (
			);
			dependencies = (
			);
			name = idCardTest;
			productName = idCardTest;
			productReference = 5F82D6021DF95DBB00A50FB1 /* idCardTest.app */;
			productType = "com.apple.product-type.application";
		};
		5F82D61A1DF95DBB00A50FB1 /* idCardTestTests */ = {
			isa = PBXNativeTarget;
			buildConfigurationList = 5F82D6321DF95DBB00A50FB1 /* Build configuration list for PBXNativeTarget "idCardTestTests" */;
			buildPhases = (
				5F82D6171DF95DBB00A50FB1 /* Sources */,
				5F82D6181DF95DBB00A50FB1 /* Frameworks */,
				5F82D6191DF95DBB00A50FB1 /* Resources */,
			);
			buildRules = (
			);
			dependencies = (
				5F82D61D1DF95DBB00A50FB1 /* PBXTargetDependency */,
			);
			name = idCardTestTests;
			productName = idCardTestTests;
			productReference = 5F82D61B1DF95DBB00A50FB1 /* idCardTestTests.xctest */;
			productType = "com.apple.product-type.bundle.unit-test";
		};
		5F82D6251DF95DBB00A50FB1 /* idCardTestUITests */ = {
			isa = PBXNativeTarget;
			buildConfigurationList = 5F82D6351DF95DBB00A50FB1 /* Build configuration list for PBXNativeTarget "idCardTestUITests" */;
			buildPhases = (
				5F82D6221DF95DBB00A50FB1 /* Sources */,
				5F82D6231DF95DBB00A50FB1 /* Frameworks */,
				5F82D6241DF95DBB00A50FB1 /* Resources */,
			);
			buildRules = (
			);
			dependencies = (
				5F82D6281DF95DBB00A50FB1 /* PBXTargetDependency */,
			);
			name = idCardTestUITests;
			productName = idCardTestUITests;
			productReference = 5F82D6261DF95DBB00A50FB1 /* idCardTestUITests.xctest */;
			productType = "com.apple.product-type.bundle.ui-testing";
		};
/* End PBXNativeTarget section */

/* Begin PBXProject section */
		5F82D5FA1DF95DBB00A50FB1 /* Project object */ = {
			isa = PBXProject;
			attributes = {
				LastUpgradeCheck = 0720;
				ORGANIZATIONNAME = "福利郑";
				TargetAttributes = {
					5F82D6011DF95DBB00A50FB1 = {
						CreatedOnToolsVersion = 7.2.1;
					};
					5F82D61A1DF95DBB00A50FB1 = {
						CreatedOnToolsVersion = 7.2.1;
						DevelopmentTeam = V79H4H5857;
						TestTargetID = 5F82D6011DF95DBB00A50FB1;
					};
					5F82D6251DF95DBB00A50FB1 = {
						CreatedOnToolsVersion = 7.2.1;
						DevelopmentTeam = V79H4H5857;
						TestTargetID = 5F82D6011DF95DBB00A50FB1;
					};
				};
			};
			buildConfigurationList = 5F82D5FD1DF95DBB00A50FB1 /* Build configuration list for PBXProject "idCardTest" */;
			compatibilityVersion = "Xcode 3.2";
			developmentRegion = English;
			hasScannedForEncodings = 0;
			knownRegions = (
				en,
				Base,
			);
			mainGroup = 5F82D5F91DF95DBB00A50FB1;
			productRefGroup = 5F82D6031DF95DBB00A50FB1 /* Products */;
			projectDirPath = "";
			projectRoot = "";
			targets = (
				5F82D6011DF95DBB00A50FB1 /* idCardTest */,
				5F82D61A1DF95DBB00A50FB1 /* idCardTestTests */,
				5F82D6251DF95DBB00A50FB1 /* idCardTestUITests */,
			);
		};
/* End PBXProject section */

/* Begin PBXResourcesBuildPhase section */
		5F82D6001DF95DBB00A50FB1 /* Resources */ = {
			isa = PBXResourcesBuildPhase;
			buildActionMask = 2147483647;
			files = (
				5F76215C1DFBDC3500C7E925 /* 10.jpg in Resources */,
				5F7621581DFBDAA400C7E925 /* 8.jpg in Resources */,
				5F7621541DFBDA9600C7E925 /* 6.jpg in Resources */,
				5F82D6151DF95DBB00A50FB1 /* LaunchScreen.storyboard in Resources */,
				5F82D6421DF9709700A50FB1 /* 5.jpg in Resources */,
				5F7621601DFBE46700C7E925 /* 12.jpg in Resources */,
				5F76215E1DFBE01700C7E925 /* 11.jpg in Resources */,
				5F82D6401DF9645600A50FB1 /* 4.jpg in Resources */,
				5F82D63A1DF9615100A50FB1 /* 1.jpg in Resources */,
				5F82D63C1DF9615B00A50FB1 /* 2.jpg in Resources */,
				5F82D63E1DF9616100A50FB1 /* 3.jpg in Resources */,
				5F7621561DFBDAA000C7E925 /* 7.jpg in Resources */,
				5F76215A1DFBDB4300C7E925 /* 9.jpg in Resources */,
				5F82D6121DF95DBB00A50FB1 /* Assets.xcassets in Resources */,
				5F82D6101DF95DBB00A50FB1 /* Main.storyboard in Resources */,
			);
			runOnlyForDeploymentPostprocessing = 0;
		};
		5F82D6191DF95DBB00A50FB1 /* Resources */ = {
			isa = PBXResourcesBuildPhase;
			buildActionMask = 2147483647;
			files = (
			);
			runOnlyForDeploymentPostprocessing = 0;
		};
		5F82D6241DF95DBB00A50FB1 /* Resources */ = {
			isa = PBXResourcesBuildPhase;
			buildActionMask = 2147483647;
			files = (
			);
			runOnlyForDeploymentPostprocessing = 0;
		};
/* End PBXResourcesBuildPhase section */

/* Begin PBXShellScriptBuildPhase section */
		5875E298DE4FDEDCF2A11CB3 /* [CP] Embed Pods Frameworks */ = {
			isa = PBXShellScriptBuildPhase;
			buildActionMask = 2147483647;
			files = (
			);
			inputPaths = (
			);
			name = "[CP] Embed Pods Frameworks";
			outputPaths = (
			);
			runOnlyForDeploymentPostprocessing = 0;
			shellPath = /bin/sh;
			shellScript = "\"${SRCROOT}/Pods/Target Support Files/Pods-idCardTest/Pods-idCardTest-frameworks.sh\"\n";
			showEnvVarsInLog = 0;
		};
		AA2115424973B146C374BB71 /* [CP] Check Pods Manifest.lock */ = {
			isa = PBXShellScriptBuildPhase;
			buildActionMask = 2147483647;
			files = (
			);
			inputPaths = (
			);
			name = "[CP] Check Pods Manifest.lock";
			outputPaths = (
			);
			runOnlyForDeploymentPostprocessing = 0;
			shellPath = /bin/sh;
			shellScript = "diff \"${PODS_ROOT}/../Podfile.lock\" \"${PODS_ROOT}/Manifest.lock\" > /dev/null\nif [ $? != 0 ] ; then\n    # print error to STDERR\n    echo \"error: The sandbox is not in sync with the Podfile.lock. Run 'pod install' or update your CocoaPods installation.\" >&2\n    exit 1\nfi\n";
			showEnvVarsInLog = 0;
		};
		FC3375CC6675877D57671F0B /* [CP] Copy Pods Resources */ = {
			isa = PBXShellScriptBuildPhase;
			buildActionMask = 2147483647;
			files = (
			);
			inputPaths = (
			);
			name = "[CP] Copy Pods Resources";
			outputPaths = (
			);
			runOnlyForDeploymentPostprocessing = 0;
			shellPath = /bin/sh;
			shellScript = "\"${SRCROOT}/Pods/Target Support Files/Pods-idCardTest/Pods-idCardTest-resources.sh\"\n";
			showEnvVarsInLog = 0;
		};
/* End PBXShellScriptBuildPhase section */

/* Begin PBXSourcesBuildPhase section */
		5F82D5FE1DF95DBB00A50FB1 /* Sources */ = {
			isa = PBXSourcesBuildPhase;
			buildActionMask = 2147483647;
			files = (
				5F07BF6E1E0391A000FBD186 /* demo.m in Sources */,
				5F76214F1DFBCEEA00C7E925 /* ImproveVehicleInfoVC.m in Sources */,
				5F82D60D1DF95DBB00A50FB1 /* ViewController.m in Sources */,
				5F82D60A1DF95DBB00A50FB1 /* AppDelegate.m in Sources */,
				5F82D6071DF95DBB00A50FB1 /* main.m in Sources */,
			);
			runOnlyForDeploymentPostprocessing = 0;
		};
		5F82D6171DF95DBB00A50FB1 /* Sources */ = {
			isa = PBXSourcesBuildPhase;
			buildActionMask = 2147483647;
			files = (
				5F82D6201DF95DBB00A50FB1 /* idCardTestTests.m in Sources */,
			);
			runOnlyForDeploymentPostprocessing = 0;
		};
		5F82D6221DF95DBB00A50FB1 /* Sources */ = {
			isa = PBXSourcesBuildPhase;
			buildActionMask = 2147483647;
			files = (
				5F82D62B1DF95DBB00A50FB1 /* idCardTestUITests.m in Sources */,
			);
			runOnlyForDeploymentPostprocessing = 0;
		};
/* End PBXSourcesBuildPhase section */

/* Begin PBXTargetDependency section */
		5F82D61D1DF95DBB00A50FB1 /* PBXTargetDependency */ = {
			isa = PBXTargetDependency;
			target = 5F82D6011DF95DBB00A50FB1 /* idCardTest */;
			targetProxy = 5F82D61C1DF95DBB00A50FB1 /* PBXContainerItemProxy */;
		};
		5F82D6281DF95DBB00A50FB1 /* PBXTargetDependency */ = {
			isa = PBXTargetDependency;
			target = 5F82D6011DF95DBB00A50FB1 /* idCardTest */;
			targetProxy = 5F82D6271DF95DBB00A50FB1 /* PBXContainerItemProxy */;
		};
/* End PBXTargetDependency section */

/* Begin PBXVariantGroup section */
		5F82D60E1DF95DBB00A50FB1 /* Main.storyboard */ = {
			isa = PBXVariantGroup;
			children = (
				5F82D60F1DF95DBB00A50FB1 /* Base */,
			);
			name = Main.storyboard;
			sourceTree = "<group>";
		};
		5F82D6131DF95DBB00A50FB1 /* LaunchScreen.storyboard */ = {
			isa = PBXVariantGroup;
			children = (
				5F82D6141DF95DBB00A50FB1 /* Base */,
			);
			name = LaunchScreen.storyboard;
			sourceTree = "<group>";
		};
/* End PBXVariantGroup section */

/* Begin XCBuildConfiguration section */
		5F82D62D1DF95DBB00A50FB1 /* Debug */ = {
			isa = XCBuildConfiguration;
			buildSettings = {
				ALWAYS_SEARCH_USER_PATHS = NO;
				CLANG_CXX_LANGUAGE_STANDARD = "gnu++0x";
				CLANG_CXX_LIBRARY = "libc++";
				CLANG_ENABLE_MODULES = YES;
				CLANG_ENABLE_OBJC_ARC = YES;
				CLANG_WARN_BOOL_CONVERSION = YES;
				CLANG_WARN_CONSTANT_CONVERSION = YES;
				CLANG_WARN_DIRECT_OBJC_ISA_USAGE = YES_ERROR;
				CLANG_WARN_EMPTY_BODY = YES;
				CLANG_WARN_ENUM_CONVERSION = YES;
				CLANG_WARN_INT_CONVERSION = YES;
				CLANG_WARN_OBJC_ROOT_CLASS = YES_ERROR;
				CLANG_WARN_UNREACHABLE_CODE = YES;
				CLANG_WARN__DUPLICATE_METHOD_MATCH = YES;
				"CODE_SIGN_IDENTITY[sdk=iphoneos*]" = "iPhone Developer";
				COPY_PHASE_STRIP = NO;
				DEBUG_INFORMATION_FORMAT = dwarf;
				ENABLE_STRICT_OBJC_MSGSEND = YES;
				ENABLE_TESTABILITY = YES;
				GCC_C_LANGUAGE_STANDARD = gnu99;
				GCC_DYNAMIC_NO_PIC = NO;
				GCC_NO_COMMON_BLOCKS = YES;
				GCC_OPTIMIZATION_LEVEL = 0;
				GCC_PREPROCESSOR_DEFINITIONS = (
					"DEBUG=1",
					"$(inherited)",
				);
				GCC_WARN_64_TO_32_BIT_CONVERSION = YES;
				GCC_WARN_ABOUT_RETURN_TYPE = YES_ERROR;
				GCC_WARN_UNDECLARED_SELECTOR = YES;
				GCC_WARN_UNINITIALIZED_AUTOS = YES_AGGRESSIVE;
				GCC_WARN_UNUSED_FUNCTION = YES;
				GCC_WARN_UNUSED_VARIABLE = YES;
				IPHONEOS_DEPLOYMENT_TARGET = 9.2;
				MTL_ENABLE_DEBUG_INFO = YES;
				ONLY_ACTIVE_ARCH = YES;
				SDKROOT = iphoneos;
			};
			name = Debug;
		};
		5F82D62E1DF95DBB00A50FB1 /* Release */ = {
			isa = XCBuildConfiguration;
			buildSettings = {
				ALWAYS_SEARCH_USER_PATHS = NO;
				CLANG_CXX_LANGUAGE_STANDARD = "gnu++0x";
				CLANG_CXX_LIBRARY = "libc++";
				CLANG_ENABLE_MODULES = YES;
				CLANG_ENABLE_OBJC_ARC = YES;
				CLANG_WARN_BOOL_CONVERSION = YES;
				CLANG_WARN_CONSTANT_CONVERSION = YES;
				CLANG_WARN_DIRECT_OBJC_ISA_USAGE = YES_ERROR;
				CLANG_WARN_EMPTY_BODY = YES;
				CLANG_WARN_ENUM_CONVERSION = YES;
				CLANG_WARN_INT_CONVERSION = YES;
				CLANG_WARN_OBJC_ROOT_CLASS = YES_ERROR;
				CLANG_WARN_UNREACHABLE_CODE = YES;
				CLANG_WARN__DUPLICATE_METHOD_MATCH = YES;
				"CODE_SIGN_IDENTITY[sdk=iphoneos*]" = "iPhone Developer";
				COPY_PHASE_STRIP = NO;
				DEBUG_INFORMATION_FORMAT = "dwarf-with-dsym";
				ENABLE_NS_ASSERTIONS = NO;
				ENABLE_STRICT_OBJC_MSGSEND = YES;
				GCC_C_LANGUAGE_STANDARD = gnu99;
				GCC_NO_COMMON_BLOCKS = YES;
				GCC_WARN_64_TO_32_BIT_CONVERSION = YES;
				GCC_WARN_ABOUT_RETURN_TYPE = YES_ERROR;
				GCC_WARN_UNDECLARED_SELECTOR = YES;
				GCC_WARN_UNINITIALIZED_AUTOS = YES_AGGRESSIVE;
				GCC_WARN_UNUSED_FUNCTION = YES;
				GCC_WARN_UNUSED_VARIABLE = YES;
				IPHONEOS_DEPLOYMENT_TARGET = 9.2;
				MTL_ENABLE_DEBUG_INFO = NO;
				SDKROOT = iphoneos;
				VALIDATE_PRODUCT = YES;
			};
			name = Release;
		};
		5F82D6301DF95DBB00A50FB1 /* Debug */ = {
			isa = XCBuildConfiguration;
			baseConfigurationReference = C00355B801DFFED5E958E0F3 /* Pods-idCardTest.debug.xcconfig */;
			buildSettings = {
				ASSETCATALOG_COMPILER_APPICON_NAME = AppIcon;
				CODE_SIGN_IDENTITY = "iPhone Developer";
				INFOPLIST_FILE = idCardTest/Info.plist;
				LD_RUNPATH_SEARCH_PATHS = "$(inherited) @executable_path/Frameworks";
				PRODUCT_BUNDLE_IDENTIFIER = lyy.idCardTest;
				PRODUCT_NAME = "$(TARGET_NAME)";
			};
			name = Debug;
		};
		5F82D6311DF95DBB00A50FB1 /* Release */ = {
			isa = XCBuildConfiguration;
			baseConfigurationReference = CA26B7CD641844F306537516 /* Pods-idCardTest.release.xcconfig */;
			buildSettings = {
				ASSETCATALOG_COMPILER_APPICON_NAME = AppIcon;
				CODE_SIGN_IDENTITY = "iPhone Developer";
				INFOPLIST_FILE = idCardTest/Info.plist;
				LD_RUNPATH_SEARCH_PATHS = "$(inherited) @executable_path/Frameworks";
				PRODUCT_BUNDLE_IDENTIFIER = lyy.idCardTest;
				PRODUCT_NAME = "$(TARGET_NAME)";
			};
			name = Release;
		};
		5F82D6331DF95DBB00A50FB1 /* Debug */ = {
			isa = XCBuildConfiguration;
			buildSettings = {
				BUNDLE_LOADER = "$(TEST_HOST)";
				INFOPLIST_FILE = idCardTestTests/Info.plist;
				LD_RUNPATH_SEARCH_PATHS = "$(inherited) @executable_path/Frameworks @loader_path/Frameworks";
				PRODUCT_BUNDLE_IDENTIFIER = lyy.idCardTestTests;
				PRODUCT_NAME = "$(TARGET_NAME)";
				TEST_HOST = "$(BUILT_PRODUCTS_DIR)/idCardTest.app/idCardTest";
			};
			name = Debug;
		};
		5F82D6341DF95DBB00A50FB1 /* Release */ = {
			isa = XCBuildConfiguration;
			buildSettings = {
				BUNDLE_LOADER = "$(TEST_HOST)";
				INFOPLIST_FILE = idCardTestTests/Info.plist;
				LD_RUNPATH_SEARCH_PATHS = "$(inherited) @executable_path/Frameworks @loader_path/Frameworks";
				PRODUCT_BUNDLE_IDENTIFIER = lyy.idCardTestTests;
				PRODUCT_NAME = "$(TARGET_NAME)";
				TEST_HOST = "$(BUILT_PRODUCTS_DIR)/idCardTest.app/idCardTest";
			};
			name = Release;
		};
		5F82D6361DF95DBB00A50FB1 /* Debug */ = {
			isa = XCBuildConfiguration;
			buildSettings = {
				INFOPLIST_FILE = idCardTestUITests/Info.plist;
				LD_RUNPATH_SEARCH_PATHS = "$(inherited) @executable_path/Frameworks @loader_path/Frameworks";
				PRODUCT_BUNDLE_IDENTIFIER = lyy.idCardTestUITests;
				PRODUCT_NAME = "$(TARGET_NAME)";
				TEST_TARGET_NAME = idCardTest;
				USES_XCTRUNNER = YES;
			};
			name = Debug;
		};
		5F82D6371DF95DBB00A50FB1 /* Release */ = {
			isa = XCBuildConfiguration;
			buildSettings = {
				INFOPLIST_FILE = idCardTestUITests/Info.plist;
				LD_RUNPATH_SEARCH_PATHS = "$(inherited) @executable_path/Frameworks @loader_path/Frameworks";
				PRODUCT_BUNDLE_IDENTIFIER = lyy.idCardTestUITests;
				PRODUCT_NAME = "$(TARGET_NAME)";
				TEST_TARGET_NAME = idCardTest;
				USES_XCTRUNNER = YES;
			};
			name = Release;
		};
/* End XCBuildConfiguration section */

/* Begin XCConfigurationList section */
		5F82D5FD1DF95DBB00A50FB1 /* Build configuration list for PBXProject "idCardTest" */ = {
			isa = XCConfigurationList;
			buildConfigurations = (
				5F82D62D1DF95DBB00A50FB1 /* Debug */,
				5F82D62E1DF95DBB00A50FB1 /* Release */,
			);
			defaultConfigurationIsVisible = 0;
			defaultConfigurationName = Release;
		};
		5F82D62F1DF95DBB00A50FB1 /* Build configuration list for PBXNativeTarget "idCardTest" */ = {
			isa = XCConfigurationList;
			buildConfigurations = (
				5F82D6301DF95DBB00A50FB1 /* Debug */,
				5F82D6311DF95DBB00A50FB1 /* Release */,
			);
			defaultConfigurationIsVisible = 0;
			defaultConfigurationName = Release;
		};
		5F82D6321DF95DBB00A50FB1 /* Build configuration list for PBXNativeTarget "idCardTestTests" */ = {
			isa = XCConfigurationList;
			buildConfigurations = (
				5F82D6331DF95DBB00A50FB1 /* Debug */,
				5F82D6341DF95DBB00A50FB1 /* Release */,
			);
			defaultConfigurationIsVisible = 0;
			defaultConfigurationName = Release;
		};
		5F82D6351DF95DBB00A50FB1 /* Build configuration list for PBXNativeTarget "idCardTestUITests" */ = {
			isa = XCConfigurationList;
			buildConfigurations = (
				5F82D6361DF95DBB00A50FB1 /* Debug */,
				5F82D6371DF95DBB00A50FB1 /* Release */,
			);
			defaultConfigurationIsVisible = 0;
			defaultConfigurationName = Release;
		};
/* End XCConfigurationList section */
	};
	rootObject = 5F82D5FA1DF95DBB00A50FB1 /* Project object */;
}
